
Microsoft Visual Studio Solution File, Format Version 12.00
# Visual Studio Version 17
VisualStudioVersion = 17.11.35312.102
MinimumVisualStudioVersion = 10.0.40219.1
Project("{FAE04EC0-301F-11D3-BF4B-00C04F79EFBC}") = "alsdsad", "alsdsad\alsdsad.csproj", "{ECF193F6-A0CB-4B9B-BC1D-EA4A0B06A2C3}"
EndProject
Global
	GlobalSection(SolutionConfigurationPlatforms) = preSolution
		Debug|Any CPU = Debug|Any CPU
		Release|Any CPU = Release|Any CPU
	EndGlobalSection
	GlobalSection(ProjectConfigurationPlatforms) = postSolution
		{ECF193F6-A0CB-4B9B-BC1D-EA4A0B06A2C3}.Debug|Any CPU.ActiveCfg = Debug|Any CPU
		{ECF193F6-A0CB-4B9B-BC1D-EA4A0B06A2C3}.Debug|Any CPU.Build.0 = Debug|Any CPU
		{ECF193F6-A0CB-4B9B-BC1D-EA4A0B06A2C3}.Release|Any CPU.ActiveCfg = Release|Any CPU
		{ECF193F6-A0CB-4B9B-BC1D-EA4A0B06A2C3}.Release|Any CPU.Build.0 = Release|Any CPU
	EndGlobalSection
	GlobalSection(SolutionProperties) = preSolution
		HideSolutionNode = FALSE
	EndGlobalSection
	GlobalSection(ExtensibilityGlobals) = postSolution
		SolutionGuid = {EDF933AC-B500-43B1-8EB9-F230B949081F}
	EndGlobalSection
EndGlobal
